{
  "name": "basictap",
  "version": "1.1.4",
  "lockfileVersion": 1,
  "requires": true,
  "dependencies": {
    "colorette": {
      "version": "1.2.1",
      "resolved": "https://registry.npmjs.org/colorette/-/colorette-1.2.1.tgz",
      "integrity": "sha512-puCDz0CzydiSYOrnXpz/PKd69zRrribezjtE9yd4zvytoRc8+RY/KJPvtPFKZS3E3wP6neGyMe0vOTlHO5L3Pw=="
    },
    "concurrun": {
      "version": "1.1.0",
      "resolved": "https://registry.npmjs.org/concurrun/-/concurrun-1.1.0.tgz",
      "integrity": "sha512-d6TtuUVtc+zxR/mXiXQLcotv/o5KjKHVADpkz2WAexkGe1nFnv2PP5aAKD+4LP4PLPaZP4wgqdja2yfsCA5YcA=="
    }
  }
}
